
Microsoft Visual Studio Solution File, Format Version 12.00
# Visual Studio 15
Project("{FAE04EC0-301F-11D3-BF4B-00C04F79EFBC}") = "Assembly-CSharp", "Assembly-CSharp.csproj", "{B38B1D6A-B463-99B4-A082-34C812225023}"
EndProject
Project("{FAE04EC0-301F-11D3-BF4B-00C04F79EFBC}") = "Assembly-CSharp-Editor", "Assembly-CSharp-Editor.csproj", "{CC021025-F418-9DFD-49D8-FDCAE894B004}"
EndProject
Global
	GlobalSection(SolutionConfigurationPlatforms) = preSolution
		Debug|Any CPU = Debug|Any CPU
		Release|Any CPU = Release|Any CPU
	EndGlobalSection
	GlobalSection(ProjectConfigurationPlatforms) = postSolution
		{B38B1D6A-B463-99B4-A082-34C812225023}.Debug|Any CPU.ActiveCfg = Debug|Any CPU
		{B38B1D6A-B463-99B4-A082-34C812225023}.Debug|Any CPU.Build.0 = Debug|Any CPU
		{B38B1D6A-B463-99B4-A082-34C812225023}.Release|Any CPU.ActiveCfg = Release|Any CPU
		{B38B1D6A-B463-99B4-A082-34C812225023}.Release|Any CPU.Build.0 = Release|Any CPU
		{CC021025-F418-9DFD-49D8-FDCAE894B004}.Debug|Any CPU.ActiveCfg = Debug|Any CPU
		{CC021025-F418-9DFD-49D8-FDCAE894B004}.Debug|Any CPU.Build.0 = Debug|Any CPU
		{CC021025-F418-9DFD-49D8-FDCAE894B004}.Release|Any CPU.ActiveCfg = Release|Any CPU
		{CC021025-F418-9DFD-49D8-FDCAE894B004}.Release|Any CPU.Build.0 = Release|Any CPU
	EndGlobalSection
	GlobalSection(SolutionProperties) = preSolution
		HideSolutionNode = FALSE
	EndGlobalSection
EndGlobal
